
Microsoft Visual Studio Solution File, Format Version 12.00
# Visual Studio Version 17
VisualStudioVersion = 17.6.33723.286
MinimumVisualStudioVersion = 10.0.40219.1
Project("{FAE04EC0-301F-11D3-BF4B-00C04F79EFBC}") = "NombreRomain", "NombreRomain.csproj", "{64680518-B6B7-4BE1-B0A2-24920F240A54}"
EndProject
Project("{FAE04EC0-301F-11D3-BF4B-00C04F79EFBC}") = "NombreRomain.Console", "..\NombreRomain.Console\NombreRomain.Console.csproj", "{F07863D1-76AE-4070-8724-AF5B82F092C9}"
EndProject
Project("{FAE04EC0-301F-11D3-BF4B-00C04F79EFBC}") = "NombreRomain.Test", "..\NombreRomain.Test\NombreRomain.Test.csproj", "{414A5307-4ABD-4724-AC00-705C1E7F79B8}"
EndProject
Global
	GlobalSection(SolutionConfigurationPlatforms) = preSolution
		Debug|Any CPU = Debug|Any CPU
		Release|Any CPU = Release|Any CPU
	EndGlobalSection
	GlobalSection(ProjectConfigurationPlatforms) = postSolution
		{64680518-B6B7-4BE1-B0A2-24920F240A54}.Debug|Any CPU.ActiveCfg = Debug|Any CPU
		{64680518-B6B7-4BE1-B0A2-24920F240A54}.Debug|Any CPU.Build.0 = Debug|Any CPU
		{64680518-B6B7-4BE1-B0A2-24920F240A54}.Release|Any CPU.ActiveCfg = Release|Any CPU
		{64680518-B6B7-4BE1-B0A2-24920F240A54}.Release|Any CPU.Build.0 = Release|Any CPU
		{F07863D1-76AE-4070-8724-AF5B82F092C9}.Debug|Any CPU.ActiveCfg = Debug|Any CPU
		{F07863D1-76AE-4070-8724-AF5B82F092C9}.Debug|Any CPU.Build.0 = Debug|Any CPU
		{F07863D1-76AE-4070-8724-AF5B82F092C9}.Release|Any CPU.ActiveCfg = Release|Any CPU
		{F07863D1-76AE-4070-8724-AF5B82F092C9}.Release|Any CPU.Build.0 = Release|Any CPU
		{414A5307-4ABD-4724-AC00-705C1E7F79B8}.Debug|Any CPU.ActiveCfg = Debug|Any CPU
		{414A5307-4ABD-4724-AC00-705C1E7F79B8}.Debug|Any CPU.Build.0 = Debug|Any CPU
		{414A5307-4ABD-4724-AC00-705C1E7F79B8}.Release|Any CPU.ActiveCfg = Release|Any CPU
		{414A5307-4ABD-4724-AC00-705C1E7F79B8}.Release|Any CPU.Build.0 = Release|Any CPU
	EndGlobalSection
	GlobalSection(SolutionProperties) = preSolution
		HideSolutionNode = FALSE
	EndGlobalSection
	GlobalSection(ExtensibilityGlobals) = postSolution
		SolutionGuid = {2BE49239-C784-42A4-8ECE-24D20E41DB7D}
	EndGlobalSection
EndGlobal
